PODS:
  - Crashlytics (3.10.7):
    - Fabric (~> 1.7.11)
  - Fabric (1.7.11)
  - Mapbox-iOS-SDK (4.4.0)
  - MapboxMobileEvents (0.5.0)
  - MapboxVision (0.0.1-alpha.1):
    - MapboxMobileEvents (~> 0.5.0)
    - MapboxVisionCore (~> 0.0.1-alpha.1)
    - Zip (~> 1.1.0)
  - MapboxVisionCore (0.0.1-alpha.1):
    - OpenCV (~> 2.4.13.6)
  - OpenCV (2.4.13.6)
  - Zip (1.1.0)

DEPENDENCIES:
  - Crashlytics
  - Fabric
  - Mapbox-iOS-SDK (~> 4.3)
  - MapboxVision (~> 0.0.1-alpha.1)

SPEC REPOS:
  https://github.com/cocoapods/specs.git:
    - Crashlytics
    - Fabric
    - Mapbox-iOS-SDK
    - MapboxMobileEvents
    - MapboxVision
    - MapboxVisionCore
    - OpenCV
    - Zip

SPEC CHECKSUMS:
  Crashlytics: ccaac42660eb9351b9960c0d66106b0bcf99f4fa
  Fabric: f233c9492b3bbc1f04e3882986740f7988a58edb
  Mapbox-iOS-SDK: 677d21898749062a5083be78a4d15d245dd7a724
  MapboxMobileEvents: e4aa629e4e2e3c250b5dadc15b63d67b91469a79
  MapboxVision: e10965a86997b49ec1001bc2564b729c8fe774fd
  MapboxVisionCore: bf6e8bca57bd2ea5f82c62cf21c4abb264eeb7ed
  OpenCV: cd36a3467c21572d658c2640488fe0d5a93ca192
  Zip: 8877eede3dda76bcac281225c20e71c25270774c

PODFILE CHECKSUM: f2a8347fefef200880df38158fb02cbc8dc527b5

COCOAPODS: 1.5.3
