// !$*UTF8*$!
{
	archiveVersion = 1;
	classes = {
	};
	objectVersion = 50;
	objects = {

/* Begin PBXBuildFile section */
		2E197730211DF34C00311B95 /* MapViewController.swift in Sources */ = {isa = PBXBuildFile; fileRef = 2E19772F211DF34C00311B95 /* MapViewController.swift */; };
		2E48C19521A5A9C50029B2A9 /* ImageSwitchingView.swift in Sources */ = {isa = PBXBuildFile; fileRef = 2E48C19421A5A9C50029B2A9 /* ImageSwitchingView.swift */; };
		2E4FEDF4215E5EA600DCB496 /* WelcomeViewController.swift in Sources */ = {isa = PBXBuildFile; fileRef = 2E4FEDF2215E5EA600DCB496 /* WelcomeViewController.swift */; };
		2E4FEDF5215E5EA600DCB496 /* LicenseChecker.swift in Sources */ = {isa = PBXBuildFile; fileRef = 2E4FEDF3215E5EA600DCB496 /* LicenseChecker.swift */; };
		2E4FEE03215E609A00DCB496 /* Localizable.strings in Resources */ = {isa = PBXBuildFile; fileRef = 2E4FEE01215E609A00DCB496 /* Localizable.strings */; };
		2E4FEE08215E647400DCB496 /* Strings.swift in Sources */ = {isa = PBXBuildFile; fileRef = 2E4FEE07215E647400DCB496 /* Strings.swift */; };
		2E4FEE0A215E807400DCB496 /* agreement.pdf in Resources */ = {isa = PBXBuildFile; fileRef = 2E4FEE09215E807400DCB496 /* agreement.pdf */; };
		2E4FEE0D215E947A00DCB496 /* LaunchScreen.storyboard in Resources */ = {isa = PBXBuildFile; fileRef = 2E4FEE0B215E947A00DCB496 /* LaunchScreen.storyboard */; };
		2E603356214294A00050EDB3 /* Tracker.swift in Sources */ = {isa = PBXBuildFile; fileRef = 2E603355214294A00050EDB3 /* Tracker.swift */; };
		2E60335A214295B30050EDB3 /* Signs.swift in Sources */ = {isa = PBXBuildFile; fileRef = 2E603359214295B20050EDB3 /* Signs.swift */; };
		2E60335C214295CD0050EDB3 /* DistanceFormatter.swift in Sources */ = {isa = PBXBuildFile; fileRef = 2E60335B214295CD0050EDB3 /* DistanceFormatter.swift */; };
		2E60335E214295F80050EDB3 /* Locale.swift in Sources */ = {isa = PBXBuildFile; fileRef = 2E60335D214295F80050EDB3 /* Locale.swift */; };
		2E6033652142982D0050EDB3 /* Images.swift in Sources */ = {isa = PBXBuildFile; fileRef = 2E6033642142982D0050EDB3 /* Images.swift */; };
		2E603367214299120050EDB3 /* OrderedDictionary.swift in Sources */ = {isa = PBXBuildFile; fileRef = 2E603366214299110050EDB3 /* OrderedDictionary.swift */; };
		2E9BF90021665318000A6A39 /* AlertPlayer.swift in Sources */ = {isa = PBXBuildFile; fileRef = 2E9BF8FF21665318000A6A39 /* AlertPlayer.swift */; };
		2EA4E18722319091007690AC /* DelegateProxy.swift in Sources */ = {isa = PBXBuildFile; fileRef = 2EA4E18622319091007690AC /* DelegateProxy.swift */; };
		2EA4E18B22319906007690AC /* MapboxVisionARNative.framework in Frameworks */ = {isa = PBXBuildFile; fileRef = 2EA4E18A22319906007690AC /* MapboxVisionARNative.framework */; };
		2EF52A0F21514DBC00F23CCF /* MapboxMobileEvents.framework in Frameworks */ = {isa = PBXBuildFile; fileRef = 2EF52A0921514DBC00F23CCF /* MapboxMobileEvents.framework */; };
		2EF52A1121514DBC00F23CCF /* MapboxVisionNative.framework in Frameworks */ = {isa = PBXBuildFile; fileRef = 2EF52A0B21514DBC00F23CCF /* MapboxVisionNative.framework */; };
		2EF52A1221514DBC00F23CCF /* Mapbox.framework in Frameworks */ = {isa = PBXBuildFile; fileRef = 2EF52A0C21514DBC00F23CCF /* Mapbox.framework */; };
		2EF52A1321514DBC00F23CCF /* MapboxVision.framework in Frameworks */ = {isa = PBXBuildFile; fileRef = 2EF52A0D21514DBC00F23CCF /* MapboxVision.framework */; };
		2EF52A1421514DBC00F23CCF /* opencv2.framework in Frameworks */ = {isa = PBXBuildFile; fileRef = 2EF52A0E21514DBC00F23CCF /* opencv2.framework */; };
		2EF52A18215152F600F23CCF /* Crashlytics.framework in Frameworks */ = {isa = PBXBuildFile; fileRef = 2EF52A16215152F600F23CCF /* Crashlytics.framework */; };
		2EF52A19215152F600F23CCF /* Fabric.framework in Frameworks */ = {isa = PBXBuildFile; fileRef = 2EF52A17215152F600F23CCF /* Fabric.framework */; };
		9D72A44113D27519A4189D85 /* overspeed_warning.wav in Resources */ = {isa = PBXBuildFile; fileRef = 9D72A05DDD42EEC518F18D23 /* overspeed_warning.wav */; };
		B5045859217A077300BA5133 /* CollisionObjectView.swift in Sources */ = {isa = PBXBuildFile; fileRef = B5045858217A077300BA5133 /* CollisionObjectView.swift */; };
		B52787D620F0B46A007D1EA7 /* AppDelegate.swift in Sources */ = {isa = PBXBuildFile; fileRef = B52787D520F0B46A007D1EA7 /* AppDelegate.swift */; };
		B52787DD20F0B46B007D1EA7 /* Assets.xcassets in Resources */ = {isa = PBXBuildFile; fileRef = B52787DC20F0B46B007D1EA7 /* Assets.xcassets */; };
		B52787E820F0B625007D1EA7 /* ContainerViewController.swift in Sources */ = {isa = PBXBuildFile; fileRef = B52787E720F0B625007D1EA7 /* ContainerViewController.swift */; };
		B52787EA20F0B6A3007D1EA7 /* MenuViewController.swift in Sources */ = {isa = PBXBuildFile; fileRef = B52787E920F0B6A3007D1EA7 /* MenuViewController.swift */; };
		B52787EC20F0CE94007D1EA7 /* ContainerInteractor.swift in Sources */ = {isa = PBXBuildFile; fileRef = B52787EB20F0CE94007D1EA7 /* ContainerInteractor.swift */; };
		B527D2DD2191A1F700C404C9 /* MockContainerPresenter.swift in Sources */ = {isa = PBXBuildFile; fileRef = B527D2DC2191A1F700C404C9 /* MockContainerPresenter.swift */; };
		B527D2DF2191A5AC00C404C9 /* MockAlertPlayer.swift in Sources */ = {isa = PBXBuildFile; fileRef = B527D2DE2191A5AC00C404C9 /* MockAlertPlayer.swift */; };
		B52A75852180B53700286AD8 /* collision_alert_critical.wav in Resources */ = {isa = PBXBuildFile; fileRef = B52A75832180B53700286AD8 /* collision_alert_critical.wav */; };
		B52A75862180B53700286AD8 /* collision_alert_warning.wav in Resources */ = {isa = PBXBuildFile; fileRef = B52A75842180B53700286AD8 /* collision_alert_warning.wav */; };
		B5314422218C7DA7001B6DEB /* SafetyState.swift in Sources */ = {isa = PBXBuildFile; fileRef = B5314421218C7DA7001B6DEB /* SafetyState.swift */; };
		B532EE012170A8D900B172FA /* MapboxVisionAR.framework in Frameworks */ = {isa = PBXBuildFile; fileRef = B532EE002170A8D900B172FA /* MapboxVisionAR.framework */; };
		B532EE052170A9AB00B172FA /* ARContainerViewController.swift in Sources */ = {isa = PBXBuildFile; fileRef = B532EE022170A9AA00B172FA /* ARContainerViewController.swift */; };
		B532EE062170A9AB00B172FA /* ARMapNavigationController.swift in Sources */ = {isa = PBXBuildFile; fileRef = B532EE032170A9AA00B172FA /* ARMapNavigationController.swift */; };
		B532EE072170A9AB00B172FA /* UIButton+BackgroudColor.swift in Sources */ = {isa = PBXBuildFile; fileRef = B532EE042170A9AB00B172FA /* UIButton+BackgroudColor.swift */; };
		B532EE0B2170B9B300B172FA /* MapboxCoreNavigation.framework in Frameworks */ = {isa = PBXBuildFile; fileRef = B532EE0A2170B9B200B172FA /* MapboxCoreNavigation.framework */; };
		B532EE0D2170B9E900B172FA /* MapboxDirections.framework in Frameworks */ = {isa = PBXBuildFile; fileRef = B532EE0C2170B9E800B172FA /* MapboxDirections.framework */; };
		B532EE0F2170BA5400B172FA /* MapboxNavigation.framework in Frameworks */ = {isa = PBXBuildFile; fileRef = B532EE0E2170BA5400B172FA /* MapboxNavigation.framework */; };
		B532EE112170BA9200B172FA /* MapboxNavigationNative.framework in Frameworks */ = {isa = PBXBuildFile; fileRef = B532EE102170BA9200B172FA /* MapboxNavigationNative.framework */; };
		B532EE132170BAC100B172FA /* Turf.framework in Frameworks */ = {isa = PBXBuildFile; fileRef = B532EE122170BAC100B172FA /* Turf.framework */; };
		B5441FFE214909D9007CB69E /* RoadLanesView.swift in Sources */ = {isa = PBXBuildFile; fileRef = B56F4A3B213FE7F700DC4313 /* RoadLanesView.swift */; };
		B544200021493C20007CB69E /* Signs.xcassets in Resources */ = {isa = PBXBuildFile; fileRef = 2E6033602142962C0050EDB3 /* Signs.xcassets */; };
		B544200221496793007CB69E /* DistanceView.swift in Sources */ = {isa = PBXBuildFile; fileRef = B56F4A3C213FE7F800DC4313 /* DistanceView.swift */; };
		B5442004214A615D007CB69E /* PaddedLabel.swift in Sources */ = {isa = PBXBuildFile; fileRef = B5442003214A615D007CB69E /* PaddedLabel.swift */; };
		B578BC9521885673003D4AA8 /* SafetyScreenTestCase.swift in Sources */ = {isa = PBXBuildFile; fileRef = B578BC9421885673003D4AA8 /* SafetyScreenTestCase.swift */; };
		B580C368223BC4AB0095C4C2 /* MapboxVisionSafety.framework in Frameworks */ = {isa = PBXBuildFile; fileRef = B580C367223BC4AB0095C4C2 /* MapboxVisionSafety.framework */; };
		B580C36A223BC52F0095C4C2 /* MapboxVisionSafetyNative.framework in Frameworks */ = {isa = PBXBuildFile; fileRef = B580C369223BC52F0095C4C2 /* MapboxVisionSafetyNative.framework */; };
		B583DF872240FC3B00D73673 /* ZIPFoundation.framework in Frameworks */ = {isa = PBXBuildFile; fileRef = B583DF862240FC3B00D73673 /* ZIPFoundation.framework */; };
/* End PBXBuildFile section */

/* Begin PBXContainerItemProxy section */
		B578BC9721885673003D4AA8 /* PBXContainerItemProxy */ = {
			isa = PBXContainerItemProxy;
			containerPortal = B52787CA20F0B46A007D1EA7 /* Project object */;
			proxyType = 1;
			remoteGlobalIDString = B52787D120F0B46A007D1EA7;
			remoteInfo = demo;
		};
/* End PBXContainerItemProxy section */

/* Begin PBXCopyFilesBuildPhase section */
		B5963F3620F36E610050C095 /* Embed Frameworks */ = {
			isa = PBXCopyFilesBuildPhase;
			buildActionMask = 2147483647;
			dstPath = "";
			dstSubfolderSpec = 10;
			files = (
			);
			name = "Embed Frameworks";
			runOnlyForDeploymentPostprocessing = 0;
		};
/* End PBXCopyFilesBuildPhase section */

/* Begin PBXFileReference section */
		2E19772F211DF34C00311B95 /* MapViewController.swift */ = {isa = PBXFileReference; lastKnownFileType = sourcecode.swift; path = MapViewController.swift; sourceTree = "<group>"; };
		2E48C19421A5A9C50029B2A9 /* ImageSwitchingView.swift */ = {isa = PBXFileReference; lastKnownFileType = sourcecode.swift; path = ImageSwitchingView.swift; sourceTree = "<group>"; };
		2E4FEDF2215E5EA600DCB496 /* WelcomeViewController.swift */ = {isa = PBXFileReference; fileEncoding = 4; lastKnownFileType = sourcecode.swift; path = WelcomeViewController.swift; sourceTree = "<group>"; };
		2E4FEDF3215E5EA600DCB496 /* LicenseChecker.swift */ = {isa = PBXFileReference; fileEncoding = 4; lastKnownFileType = sourcecode.swift; path = LicenseChecker.swift; sourceTree = "<group>"; };
		2E4FEE05215E60B000DCB496 /* en */ = {isa = PBXFileReference; lastKnownFileType = text.plist.strings; name = en; path = en.lproj/Localizable.strings; sourceTree = "<group>"; };
		2E4FEE07215E647400DCB496 /* Strings.swift */ = {isa = PBXFileReference; fileEncoding = 4; lastKnownFileType = sourcecode.swift; path = Strings.swift; sourceTree = "<group>"; };
		2E4FEE09215E807400DCB496 /* agreement.pdf */ = {isa = PBXFileReference; lastKnownFileType = image.pdf; path = agreement.pdf; sourceTree = "<group>"; };
		2E4FEE0C215E947A00DCB496 /* Base */ = {isa = PBXFileReference; lastKnownFileType = file.storyboard; name = Base; path = Base.lproj/LaunchScreen.storyboard; sourceTree = "<group>"; };
		2E603355214294A00050EDB3 /* Tracker.swift */ = {isa = PBXFileReference; fileEncoding = 4; lastKnownFileType = sourcecode.swift; path = Tracker.swift; sourceTree = "<group>"; };
		2E603359214295B20050EDB3 /* Signs.swift */ = {isa = PBXFileReference; lastKnownFileType = sourcecode.swift; path = Signs.swift; sourceTree = "<group>"; };
		2E60335B214295CD0050EDB3 /* DistanceFormatter.swift */ = {isa = PBXFileReference; fileEncoding = 4; lastKnownFileType = sourcecode.swift; path = DistanceFormatter.swift; sourceTree = "<group>"; };
		2E60335D214295F80050EDB3 /* Locale.swift */ = {isa = PBXFileReference; fileEncoding = 4; lastKnownFileType = sourcecode.swift; path = Locale.swift; sourceTree = "<group>"; };
		2E6033602142962C0050EDB3 /* Signs.xcassets */ = {isa = PBXFileReference; lastKnownFileType = folder.assetcatalog; path = Signs.xcassets; sourceTree = "<group>"; };
		2E6033642142982D0050EDB3 /* Images.swift */ = {isa = PBXFileReference; fileEncoding = 4; lastKnownFileType = sourcecode.swift; path = Images.swift; sourceTree = "<group>"; };
		2E603366214299110050EDB3 /* OrderedDictionary.swift */ = {isa = PBXFileReference; fileEncoding = 4; lastKnownFileType = sourcecode.swift; path = OrderedDictionary.swift; sourceTree = "<group>"; };
		2E9BF8FF21665318000A6A39 /* AlertPlayer.swift */ = {isa = PBXFileReference; fileEncoding = 4; lastKnownFileType = sourcecode.swift; path = AlertPlayer.swift; sourceTree = "<group>"; };
		2EA4E18622319091007690AC /* DelegateProxy.swift */ = {isa = PBXFileReference; lastKnownFileType = sourcecode.swift; path = DelegateProxy.swift; sourceTree = "<group>"; };
		2EA4E18A22319906007690AC /* MapboxVisionARNative.framework */ = {isa = PBXFileReference; explicitFileType = wrapper.framework; name = MapboxVisionARNative.framework; path = Carthage/Build/iOS/MapboxVisionARNative.framework; sourceTree = "<group>"; };
		2EF52A0921514DBC00F23CCF /* MapboxMobileEvents.framework */ = {isa = PBXFileReference; lastKnownFileType = wrapper.framework; name = MapboxMobileEvents.framework; path = Carthage/Build/iOS/MapboxMobileEvents.framework; sourceTree = "<group>"; };
		2EF52A0B21514DBC00F23CCF /* MapboxVisionNative.framework */ = {isa = PBXFileReference; lastKnownFileType = wrapper.framework; name = MapboxVisionNative.framework; path = Carthage/Build/iOS/MapboxVisionNative.framework; sourceTree = "<group>"; };
		2EF52A0C21514DBC00F23CCF /* Mapbox.framework */ = {isa = PBXFileReference; lastKnownFileType = wrapper.framework; name = Mapbox.framework; path = Carthage/Build/iOS/Mapbox.framework; sourceTree = "<group>"; };
		2EF52A0D21514DBC00F23CCF /* MapboxVision.framework */ = {isa = PBXFileReference; lastKnownFileType = wrapper.framework; name = MapboxVision.framework; path = Carthage/Build/iOS/MapboxVision.framework; sourceTree = "<group>"; };
		2EF52A0E21514DBC00F23CCF /* opencv2.framework */ = {isa = PBXFileReference; lastKnownFileType = wrapper.framework; name = opencv2.framework; path = Carthage/Build/iOS/opencv2.framework; sourceTree = "<group>"; };
		2EF52A16215152F600F23CCF /* Crashlytics.framework */ = {isa = PBXFileReference; lastKnownFileType = wrapper.framework; name = Crashlytics.framework; path = Carthage/Build/iOS/Crashlytics.framework; sourceTree = "<group>"; };
		2EF52A17215152F600F23CCF /* Fabric.framework */ = {isa = PBXFileReference; lastKnownFileType = wrapper.framework; name = Fabric.framework; path = Carthage/Build/iOS/Fabric.framework; sourceTree = "<group>"; };
		9D72A05DDD42EEC518F18D23 /* overspeed_warning.wav */ = {isa = PBXFileReference; lastKnownFileType = audio.wav; path = overspeed_warning.wav; sourceTree = "<group>"; };
		B5045858217A077300BA5133 /* CollisionObjectView.swift */ = {isa = PBXFileReference; lastKnownFileType = sourcecode.swift; path = CollisionObjectView.swift; sourceTree = "<group>"; };
		B52787D220F0B46A007D1EA7 /* demo.app */ = {isa = PBXFileReference; explicitFileType = wrapper.application; includeInIndex = 0; path = demo.app; sourceTree = BUILT_PRODUCTS_DIR; };
		B52787D520F0B46A007D1EA7 /* AppDelegate.swift */ = {isa = PBXFileReference; lastKnownFileType = sourcecode.swift; path = AppDelegate.swift; sourceTree = "<group>"; };
		B52787DC20F0B46B007D1EA7 /* Assets.xcassets */ = {isa = PBXFileReference; lastKnownFileType = folder.assetcatalog; path = Assets.xcassets; sourceTree = "<group>"; };
		B52787E120F0B46B007D1EA7 /* Info.plist */ = {isa = PBXFileReference; lastKnownFileType = text.plist.xml; path = Info.plist; sourceTree = "<group>"; };
		B52787E720F0B625007D1EA7 /* ContainerViewController.swift */ = {isa = PBXFileReference; fileEncoding = 4; lastKnownFileType = sourcecode.swift; path = ContainerViewController.swift; sourceTree = "<group>"; };
		B52787E920F0B6A3007D1EA7 /* MenuViewController.swift */ = {isa = PBXFileReference; lastKnownFileType = sourcecode.swift; path = MenuViewController.swift; sourceTree = "<group>"; };
		B52787EB20F0CE94007D1EA7 /* ContainerInteractor.swift */ = {isa = PBXFileReference; lastKnownFileType = sourcecode.swift; path = ContainerInteractor.swift; sourceTree = "<group>"; };
		B527D2DC2191A1F700C404C9 /* MockContainerPresenter.swift */ = {isa = PBXFileReference; lastKnownFileType = sourcecode.swift; path = MockContainerPresenter.swift; sourceTree = "<group>"; };
		B527D2DE2191A5AC00C404C9 /* MockAlertPlayer.swift */ = {isa = PBXFileReference; lastKnownFileType = sourcecode.swift; path = MockAlertPlayer.swift; sourceTree = "<group>"; };
		B52A75832180B53700286AD8 /* collision_alert_critical.wav */ = {isa = PBXFileReference; lastKnownFileType = audio.wav; path = collision_alert_critical.wav; sourceTree = "<group>"; };
		B52A75842180B53700286AD8 /* collision_alert_warning.wav */ = {isa = PBXFileReference; lastKnownFileType = audio.wav; path = collision_alert_warning.wav; sourceTree = "<group>"; };
		B5314421218C7DA7001B6DEB /* SafetyState.swift */ = {isa = PBXFileReference; lastKnownFileType = sourcecode.swift; path = SafetyState.swift; sourceTree = "<group>"; };
		B532EE002170A8D900B172FA /* MapboxVisionAR.framework */ = {isa = PBXFileReference; explicitFileType = wrapper.framework; name = MapboxVisionAR.framework; path = Carthage/Build/iOS/MapboxVisionAR.framework; sourceTree = "<group>"; };
		B532EE022170A9AA00B172FA /* ARContainerViewController.swift */ = {isa = PBXFileReference; fileEncoding = 4; lastKnownFileType = sourcecode.swift; path = ARContainerViewController.swift; sourceTree = "<group>"; };
		B532EE032170A9AA00B172FA /* ARMapNavigationController.swift */ = {isa = PBXFileReference; fileEncoding = 4; lastKnownFileType = sourcecode.swift; path = ARMapNavigationController.swift; sourceTree = "<group>"; };
		B532EE042170A9AB00B172FA /* UIButton+BackgroudColor.swift */ = {isa = PBXFileReference; fileEncoding = 4; lastKnownFileType = sourcecode.swift; path = "UIButton+BackgroudColor.swift"; sourceTree = "<group>"; };
		B532EE0A2170B9B200B172FA /* MapboxCoreNavigation.framework */ = {isa = PBXFileReference; lastKnownFileType = wrapper.framework; name = MapboxCoreNavigation.framework; path = Carthage/Build/iOS/MapboxCoreNavigation.framework; sourceTree = "<group>"; };
		B532EE0C2170B9E800B172FA /* MapboxDirections.framework */ = {isa = PBXFileReference; lastKnownFileType = wrapper.framework; name = MapboxDirections.framework; path = Carthage/Build/iOS/MapboxDirections.framework; sourceTree = "<group>"; };
		B532EE0E2170BA5400B172FA /* MapboxNavigation.framework */ = {isa = PBXFileReference; lastKnownFileType = wrapper.framework; name = MapboxNavigation.framework; path = Carthage/Build/iOS/MapboxNavigation.framework; sourceTree = "<group>"; };
		B532EE102170BA9200B172FA /* MapboxNavigationNative.framework */ = {isa = PBXFileReference; lastKnownFileType = wrapper.framework; name = MapboxNavigationNative.framework; path = Carthage/Build/iOS/MapboxNavigationNative.framework; sourceTree = "<group>"; };
		B532EE122170BAC100B172FA /* Turf.framework */ = {isa = PBXFileReference; lastKnownFileType = wrapper.framework; name = Turf.framework; path = Carthage/Build/iOS/Turf.framework; sourceTree = "<group>"; };
		B5442003214A615D007CB69E /* PaddedLabel.swift */ = {isa = PBXFileReference; fileEncoding = 4; lastKnownFileType = sourcecode.swift; path = PaddedLabel.swift; sourceTree = "<group>"; };
		B56F4A3B213FE7F700DC4313 /* RoadLanesView.swift */ = {isa = PBXFileReference; fileEncoding = 4; lastKnownFileType = sourcecode.swift; path = RoadLanesView.swift; sourceTree = "<group>"; };
		B56F4A3C213FE7F800DC4313 /* DistanceView.swift */ = {isa = PBXFileReference; fileEncoding = 4; lastKnownFileType = sourcecode.swift; path = DistanceView.swift; sourceTree = "<group>"; };
		B578BC9221885673003D4AA8 /* demoTests.xctest */ = {isa = PBXFileReference; explicitFileType = wrapper.cfbundle; includeInIndex = 0; path = demoTests.xctest; sourceTree = BUILT_PRODUCTS_DIR; };
		B578BC9421885673003D4AA8 /* SafetyScreenTestCase.swift */ = {isa = PBXFileReference; lastKnownFileType = sourcecode.swift; path = SafetyScreenTestCase.swift; sourceTree = "<group>"; };
		B578BC9621885673003D4AA8 /* Info.plist */ = {isa = PBXFileReference; lastKnownFileType = text.plist.xml; path = Info.plist; sourceTree = "<group>"; };
		B580C367223BC4AB0095C4C2 /* MapboxVisionSafety.framework */ = {isa = PBXFileReference; explicitFileType = wrapper.framework; name = MapboxVisionSafety.framework; path = Carthage/Build/iOS/MapboxVisionSafety.framework; sourceTree = "<group>"; };
		B580C369223BC52F0095C4C2 /* MapboxVisionSafetyNative.framework */ = {isa = PBXFileReference; explicitFileType = wrapper.framework; name = MapboxVisionSafetyNative.framework; path = Carthage/Build/iOS/MapboxVisionSafetyNative.framework; sourceTree = "<group>"; };
		B583DF862240FC3B00D73673 /* ZIPFoundation.framework */ = {isa = PBXFileReference; lastKnownFileType = wrapper.framework; name = ZIPFoundation.framework; path = Carthage/Build/iOS/ZIPFoundation.framework; sourceTree = "<group>"; };
/* End PBXFileReference section */

/* Begin PBXFrameworksBuildPhase section */
		B52787CF20F0B46A007D1EA7 /* Frameworks */ = {
			isa = PBXFrameworksBuildPhase;
			buildActionMask = 2147483647;
			files = (
				B583DF872240FC3B00D73673 /* ZIPFoundation.framework in Frameworks */,
				B580C36A223BC52F0095C4C2 /* MapboxVisionSafetyNative.framework in Frameworks */,
				B580C368223BC4AB0095C4C2 /* MapboxVisionSafety.framework in Frameworks */,
				B532EE132170BAC100B172FA /* Turf.framework in Frameworks */,
				B532EE112170BA9200B172FA /* MapboxNavigationNative.framework in Frameworks */,
				B532EE0F2170BA5400B172FA /* MapboxNavigation.framework in Frameworks */,
				B532EE0D2170B9E900B172FA /* MapboxDirections.framework in Frameworks */,
				B532EE0B2170B9B300B172FA /* MapboxCoreNavigation.framework in Frameworks */,
				2EA4E18B22319906007690AC /* MapboxVisionARNative.framework in Frameworks */,
				B532EE012170A8D900B172FA /* MapboxVisionAR.framework in Frameworks */,
				2EF52A0F21514DBC00F23CCF /* MapboxMobileEvents.framework in Frameworks */,
				2EF52A1121514DBC00F23CCF /* MapboxVisionNative.framework in Frameworks */,
				2EF52A1221514DBC00F23CCF /* Mapbox.framework in Frameworks */,
				2EF52A1321514DBC00F23CCF /* MapboxVision.framework in Frameworks */,
				2EF52A1421514DBC00F23CCF /* opencv2.framework in Frameworks */,
				2EF52A18215152F600F23CCF /* Crashlytics.framework in Frameworks */,
				2EF52A19215152F600F23CCF /* Fabric.framework in Frameworks */,
			);
			runOnlyForDeploymentPostprocessing = 0;
		};
		B578BC8F21885673003D4AA8 /* Frameworks */ = {
			isa = PBXFrameworksBuildPhase;
			buildActionMask = 2147483647;
			files = (
			);
			runOnlyForDeploymentPostprocessing = 0;
		};
/* End PBXFrameworksBuildPhase section */

/* Begin PBXGroup section */
		2E4FEDF1215E5EA600DCB496 /* License */ = {
			isa = PBXGroup;
			children = (
				2E4FEDF2215E5EA600DCB496 /* WelcomeViewController.swift */,
				2E4FEDF3215E5EA600DCB496 /* LicenseChecker.swift */,
			);
			path = License;
			sourceTree = "<group>";
		};
		2E603361214296430050EDB3 /* Resources */ = {
			isa = PBXGroup;
			children = (
				B52A75832180B53700286AD8 /* collision_alert_critical.wav */,
				B52A75842180B53700286AD8 /* collision_alert_warning.wav */,
				2E4FEE0B215E947A00DCB496 /* LaunchScreen.storyboard */,
				2E4FEE09215E807400DCB496 /* agreement.pdf */,
				2E4FEE01215E609A00DCB496 /* Localizable.strings */,
				B52787E120F0B46B007D1EA7 /* Info.plist */,
				B52787DC20F0B46B007D1EA7 /* Assets.xcassets */,
				2E6033602142962C0050EDB3 /* Signs.xcassets */,
				9D72A05DDD42EEC518F18D23 /* overspeed_warning.wav */,
			);
			path = Resources;
			sourceTree = "<group>";
		};
		2E6033622142968D0050EDB3 /* Generated */ = {
			isa = PBXGroup;
			children = (
				2E6033642142982D0050EDB3 /* Images.swift */,
				2E4FEE07215E647400DCB496 /* Strings.swift */,
			);
			path = Generated;
			sourceTree = "<group>";
		};
		2EF52A0821514DBC00F23CCF /* Frameworks */ = {
			isa = PBXGroup;
			children = (
				B583DF862240FC3B00D73673 /* ZIPFoundation.framework */,
				B580C369223BC52F0095C4C2 /* MapboxVisionSafetyNative.framework */,
				B580C367223BC4AB0095C4C2 /* MapboxVisionSafety.framework */,
				2EA4E18A22319906007690AC /* MapboxVisionARNative.framework */,
				B532EE122170BAC100B172FA /* Turf.framework */,
				B532EE102170BA9200B172FA /* MapboxNavigationNative.framework */,
				B532EE0E2170BA5400B172FA /* MapboxNavigation.framework */,
				B532EE0C2170B9E800B172FA /* MapboxDirections.framework */,
				B532EE0A2170B9B200B172FA /* MapboxCoreNavigation.framework */,
				B532EE002170A8D900B172FA /* MapboxVisionAR.framework */,
				2EF52A16215152F600F23CCF /* Crashlytics.framework */,
				2EF52A17215152F600F23CCF /* Fabric.framework */,
				2EF52A0C21514DBC00F23CCF /* Mapbox.framework */,
				2EF52A0921514DBC00F23CCF /* MapboxMobileEvents.framework */,
				2EF52A0D21514DBC00F23CCF /* MapboxVision.framework */,
				2EF52A0B21514DBC00F23CCF /* MapboxVisionNative.framework */,
				2EF52A0E21514DBC00F23CCF /* opencv2.framework */,
			);
			name = Frameworks;
			sourceTree = "<group>";
		};
		B52787C920F0B46A007D1EA7 = {
			isa = PBXGroup;
			children = (
				B52787D420F0B46A007D1EA7 /* demo */,
				2E6033622142968D0050EDB3 /* Generated */,
				2E603361214296430050EDB3 /* Resources */,
				B578BC9321885673003D4AA8 /* demoTests */,
				B52787D320F0B46A007D1EA7 /* Products */,
				2EF52A0821514DBC00F23CCF /* Frameworks */,
			);
			sourceTree = "<group>";
		};
		B52787D320F0B46A007D1EA7 /* Products */ = {
			isa = PBXGroup;
			children = (
				B52787D220F0B46A007D1EA7 /* demo.app */,
				B578BC9221885673003D4AA8 /* demoTests.xctest */,
			);
			name = Products;
			sourceTree = "<group>";
		};
		B52787D420F0B46A007D1EA7 /* demo */ = {
			isa = PBXGroup;
			children = (
				B532EE022170A9AA00B172FA /* ARContainerViewController.swift */,
				B532EE032170A9AA00B172FA /* ARMapNavigationController.swift */,
				B532EE042170A9AB00B172FA /* UIButton+BackgroudColor.swift */,
				2E4FEDF1215E5EA600DCB496 /* License */,
				B5442003214A615D007CB69E /* PaddedLabel.swift */,
				2E60335D214295F80050EDB3 /* Locale.swift */,
				2E60335B214295CD0050EDB3 /* DistanceFormatter.swift */,
				2E603359214295B20050EDB3 /* Signs.swift */,
				2E603355214294A00050EDB3 /* Tracker.swift */,
				B56F4A3C213FE7F800DC4313 /* DistanceView.swift */,
				B56F4A3B213FE7F700DC4313 /* RoadLanesView.swift */,
				B52787E720F0B625007D1EA7 /* ContainerViewController.swift */,
				B52787D520F0B46A007D1EA7 /* AppDelegate.swift */,
				B52787E920F0B6A3007D1EA7 /* MenuViewController.swift */,
				B52787EB20F0CE94007D1EA7 /* ContainerInteractor.swift */,
				2E19772F211DF34C00311B95 /* MapViewController.swift */,
				2E603366214299110050EDB3 /* OrderedDictionary.swift */,
				2E9BF8FF21665318000A6A39 /* AlertPlayer.swift */,
				B5045858217A077300BA5133 /* CollisionObjectView.swift */,
				B5314421218C7DA7001B6DEB /* SafetyState.swift */,
				2E48C19421A5A9C50029B2A9 /* ImageSwitchingView.swift */,
				2EA4E18622319091007690AC /* DelegateProxy.swift */,
			);
			path = demo;
			sourceTree = "<group>";
		};
		B527D2DB2191A1E300C404C9 /* Mocks */ = {
			isa = PBXGroup;
			children = (
				B527D2DC2191A1F700C404C9 /* MockContainerPresenter.swift */,
				B527D2DE2191A5AC00C404C9 /* MockAlertPlayer.swift */,
			);
			path = Mocks;
			sourceTree = "<group>";
		};
		B578BC9321885673003D4AA8 /* demoTests */ = {
			isa = PBXGroup;
			children = (
				B527D2DB2191A1E300C404C9 /* Mocks */,
				B578BC9421885673003D4AA8 /* SafetyScreenTestCase.swift */,
				B578BC9621885673003D4AA8 /* Info.plist */,
			);
			path = demoTests;
			sourceTree = "<group>";
		};
/* End PBXGroup section */

/* Begin PBXNativeTarget section */
		B52787D120F0B46A007D1EA7 /* demo */ = {
			isa = PBXNativeTarget;
			buildConfigurationList = B52787E420F0B46B007D1EA7 /* Build configuration list for PBXNativeTarget "demo" */;
			buildPhases = (
				2E603363214296C40050EDB3 /* SwiftGen */,
				B52787CE20F0B46A007D1EA7 /* Sources */,
				B52787CF20F0B46A007D1EA7 /* Frameworks */,
				B52787D020F0B46A007D1EA7 /* Resources */,
				B5963F3620F36E610050C095 /* Embed Frameworks */,
				2EF52A1521514EB700F23CCF /* Carthage */,
				2EBD6701211970EA00755F57 /* Fabric */,
				B55B5C6E214FCE9F0061BE3F /* ShellScript */,
			);
			buildRules = (
			);
			dependencies = (
			);
			name = demo;
			productName = demo;
			productReference = B52787D220F0B46A007D1EA7 /* demo.app */;
			productType = "com.apple.product-type.application";
		};
		B578BC9121885673003D4AA8 /* demoTests */ = {
			isa = PBXNativeTarget;
			buildConfigurationList = B578BC9C21885673003D4AA8 /* Build configuration list for PBXNativeTarget "demoTests" */;
			buildPhases = (
				B578BC8E21885673003D4AA8 /* Sources */,
				B578BC8F21885673003D4AA8 /* Frameworks */,
				B578BC9021885673003D4AA8 /* Resources */,
			);
			buildRules = (
			);
			dependencies = (
				B578BC9821885673003D4AA8 /* PBXTargetDependency */,
			);
			name = demoTests;
			productName = demoTests;
			productReference = B578BC9221885673003D4AA8 /* demoTests.xctest */;
			productType = "com.apple.product-type.bundle.unit-test";
		};
/* End PBXNativeTarget section */

/* Begin PBXProject section */
		B52787CA20F0B46A007D1EA7 /* Project object */ = {
			isa = PBXProject;
			attributes = {
				LastSwiftUpdateCheck = 1000;
				LastUpgradeCheck = 0940;
				ORGANIZATIONNAME = Mapbox;
				TargetAttributes = {
					B52787D120F0B46A007D1EA7 = {
						CreatedOnToolsVersion = 9.4.1;
						SystemCapabilities = {
							com.apple.BackgroundModes = {
								enabled = 1;
							};
						};
					};
					B578BC9121885673003D4AA8 = {
						CreatedOnToolsVersion = 10.0;
						TestTargetID = B52787D120F0B46A007D1EA7;
					};
				};
			};
			buildConfigurationList = B52787CD20F0B46A007D1EA7 /* Build configuration list for PBXProject "demo" */;
			compatibilityVersion = "Xcode 9.3";
			developmentRegion = en;
			hasScannedForEncodings = 0;
			knownRegions = (
				en,
				Base,
			);
			mainGroup = B52787C920F0B46A007D1EA7;
			productRefGroup = B52787D320F0B46A007D1EA7 /* Products */;
			projectDirPath = "";
			projectRoot = "";
			targets = (
				B52787D120F0B46A007D1EA7 /* demo */,
				B578BC9121885673003D4AA8 /* demoTests */,
			);
		};
/* End PBXProject section */

/* Begin PBXResourcesBuildPhase section */
		B52787D020F0B46A007D1EA7 /* Resources */ = {
			isa = PBXResourcesBuildPhase;
			buildActionMask = 2147483647;
			files = (
				2E4FEE03215E609A00DCB496 /* Localizable.strings in Resources */,
				B52787DD20F0B46B007D1EA7 /* Assets.xcassets in Resources */,
				B52A75852180B53700286AD8 /* collision_alert_critical.wav in Resources */,
				B52A75862180B53700286AD8 /* collision_alert_warning.wav in Resources */,
				2E4FEE0D215E947A00DCB496 /* LaunchScreen.storyboard in Resources */,
				B544200021493C20007CB69E /* Signs.xcassets in Resources */,
				2E4FEE0A215E807400DCB496 /* agreement.pdf in Resources */,
				9D72A44113D27519A4189D85 /* overspeed_warning.wav in Resources */,
			);
			runOnlyForDeploymentPostprocessing = 0;
		};
		B578BC9021885673003D4AA8 /* Resources */ = {
			isa = PBXResourcesBuildPhase;
			buildActionMask = 2147483647;
			files = (
			);
			runOnlyForDeploymentPostprocessing = 0;
		};
/* End PBXResourcesBuildPhase section */

/* Begin PBXShellScriptBuildPhase section */
		2E603363214296C40050EDB3 /* SwiftGen */ = {
			isa = PBXShellScriptBuildPhase;
			buildActionMask = 2147483647;
			files = (
			);
			inputPaths = (
				"$(SRCROOT)/Resources/Assets.xcassets",
				"$(SRCROOT)/Resources/Signs.xcassets",
				"$(SRCROOT)/Resources/en.lproj",
			);
			name = SwiftGen;
			outputPaths = (
				"$(SRCROOT)/Generated/Images.swift",
				"$(SRCROOT)/Generated/Strings.swift",
			);
			runOnlyForDeploymentPostprocessing = 0;
			shellPath = /bin/sh;
			shellScript = "if which swiftgen >/dev/null; then\nset -e\nswiftgen config run\nelse\necho \"warning: SwiftGen not installed, download it from https://github.com/SwiftGen/SwiftGen\"\nfi\n";
			showEnvVarsInLog = 0;
		};
		2EBD6701211970EA00755F57 /* Fabric */ = {
			isa = PBXShellScriptBuildPhase;
			buildActionMask = 2147483647;
			files = (
			);
			inputPaths = (
				"\"$TARGET_BUILD_DIR/$INFOPLIST_PATH\"",
			);
			name = Fabric;
			outputPaths = (
			);
			runOnlyForDeploymentPostprocessing = 0;
			shellPath = /bin/sh;
			shellScript = "xml=\"$(plutil -extract Fabric.APIKey xml1 -o - $TARGET_BUILD_DIR/$INFOPLIST_PATH)\"\ntoken=\"$(sed -n \"s/.*<string>\\(.*\\)<\\/string>.*/\\1/p\" <<< $xml)\"\necho $token\nif [ -z \"$token\" ]; then\n    token_file=~/.fabric\n    token=\"$(cat $token_file 2>/dev/null)\"\n    if [ \"$token\" ]; then\n        plutil -replace Fabric.APIKey -string $token \"$TARGET_BUILD_DIR/$INFOPLIST_PATH\"\n        ${SRCROOT}/Carthage/Build/iOS/Fabric.framework/run \"$token\"\n    fi\nfi\n";
		};
		2EF52A1521514EB700F23CCF /* Carthage */ = {
			isa = PBXShellScriptBuildPhase;
			buildActionMask = 2147483647;
			files = (
			);
			inputFileListPaths = (
			);
			inputPaths = (
				"$(SRCROOT)/scripts/carthage-input.xcfilelist",
			);
			name = Carthage;
			outputFileListPaths = (
			);
			outputPaths = (
			);
			runOnlyForDeploymentPostprocessing = 0;
			shellPath = /bin/sh;
			shellScript = "source \"scripts/check_input.sh\"\n/usr/local/bin/carthage copy-frameworks\n";
		};
		B55B5C6E214FCE9F0061BE3F /* ShellScript */ = {
			isa = PBXShellScriptBuildPhase;
			buildActionMask = 2147483647;
			files = (
			);
			inputPaths = (
				"$(TARGET_BUILD_DIR)/$(INFOPLIST_PATH)",
			);
			outputPaths = (
			);
			runOnlyForDeploymentPostprocessing = 0;
			shellPath = /bin/sh;
			shellScript = "xml=\"$(plutil -extract MGLMapboxAccessToken xml1 -o - $TARGET_BUILD_DIR/$INFOPLIST_PATH)\"\ntoken=\"$(sed -n \"s/.*<string>\\(.*\\)<\\/string>.*/\\1/p\" <<< $xml)\"\nif [ -z \"$token\" ]; then\n    token_file=~/.mapbox\n    token=\"$(cat $token_file 2>/dev/null)\"\n    if [ \"$token\" ]; then\n        plutil -replace MGLMapboxAccessToken -string $token \"$TARGET_BUILD_DIR/$INFOPLIST_PATH\"\n    else\n        echo 'warning: Missing Mapbox access token'\n        open 'https://www.mapbox.com/account/access-tokens/'\n    echo \"warning: Get an access token from <https://www.mapbox.com/account/access-tokens/>, then create a new file at $token_file that contains the access token.\"\n    fi\nfi\n";
		};
/* End PBXShellScriptBuildPhase section */

/* Begin PBXSourcesBuildPhase section */
		B52787CE20F0B46A007D1EA7 /* Sources */ = {
			isa = PBXSourcesBuildPhase;
			buildActionMask = 2147483647;
			files = (
				2EA4E18722319091007690AC /* DelegateProxy.swift in Sources */,
				B52787E820F0B625007D1EA7 /* ContainerViewController.swift in Sources */,
				2E48C19521A5A9C50029B2A9 /* ImageSwitchingView.swift in Sources */,
				2E60335E214295F80050EDB3 /* Locale.swift in Sources */,
				B5441FFE214909D9007CB69E /* RoadLanesView.swift in Sources */,
				B532EE072170A9AB00B172FA /* UIButton+BackgroudColor.swift in Sources */,
				B52787EA20F0B6A3007D1EA7 /* MenuViewController.swift in Sources */,
				2E60335A214295B30050EDB3 /* Signs.swift in Sources */,
				B5045859217A077300BA5133 /* CollisionObjectView.swift in Sources */,
				2E9BF90021665318000A6A39 /* AlertPlayer.swift in Sources */,
				2E603356214294A00050EDB3 /* Tracker.swift in Sources */,
				B532EE062170A9AB00B172FA /* ARMapNavigationController.swift in Sources */,
				2E4FEDF4215E5EA600DCB496 /* WelcomeViewController.swift in Sources */,
				2E4FEDF5215E5EA600DCB496 /* LicenseChecker.swift in Sources */,
				B5442004214A615D007CB69E /* PaddedLabel.swift in Sources */,
				B52787EC20F0CE94007D1EA7 /* ContainerInteractor.swift in Sources */,
				2E6033652142982D0050EDB3 /* Images.swift in Sources */,
				B52787D620F0B46A007D1EA7 /* AppDelegate.swift in Sources */,
				B532EE052170A9AB00B172FA /* ARContainerViewController.swift in Sources */,
				2E4FEE08215E647400DCB496 /* Strings.swift in Sources */,
				B5314422218C7DA7001B6DEB /* SafetyState.swift in Sources */,
				2E197730211DF34C00311B95 /* MapViewController.swift in Sources */,
				2E60335C214295CD0050EDB3 /* DistanceFormatter.swift in Sources */,
				B544200221496793007CB69E /* DistanceView.swift in Sources */,
				2E603367214299120050EDB3 /* OrderedDictionary.swift in Sources */,
			);
			runOnlyForDeploymentPostprocessing = 0;
		};
		B578BC8E21885673003D4AA8 /* Sources */ = {
			isa = PBXSourcesBuildPhase;
			buildActionMask = 2147483647;
			files = (
				B527D2DF2191A5AC00C404C9 /* MockAlertPlayer.swift in Sources */,
				B527D2DD2191A1F700C404C9 /* MockContainerPresenter.swift in Sources */,
				B578BC9521885673003D4AA8 /* SafetyScreenTestCase.swift in Sources */,
			);
			runOnlyForDeploymentPostprocessing = 0;
		};
/* End PBXSourcesBuildPhase section */

/* Begin PBXTargetDependency section */
		B578BC9821885673003D4AA8 /* PBXTargetDependency */ = {
			isa = PBXTargetDependency;
			target = B52787D120F0B46A007D1EA7 /* demo */;
			targetProxy = B578BC9721885673003D4AA8 /* PBXContainerItemProxy */;
		};
/* End PBXTargetDependency section */

/* Begin PBXVariantGroup section */
		2E4FEE01215E609A00DCB496 /* Localizable.strings */ = {
			isa = PBXVariantGroup;
			children = (
				2E4FEE05215E60B000DCB496 /* en */,
			);
			name = Localizable.strings;
			sourceTree = "<group>";
		};
		2E4FEE0B215E947A00DCB496 /* LaunchScreen.storyboard */ = {
			isa = PBXVariantGroup;
			children = (
				2E4FEE0C215E947A00DCB496 /* Base */,
			);
			name = LaunchScreen.storyboard;
			sourceTree = "<group>";
		};
/* End PBXVariantGroup section */

/* Begin XCBuildConfiguration section */
		2E197728211DD3F600311B95 /* AdhocRelease */ = {
			isa = XCBuildConfiguration;
			buildSettings = {
				ALWAYS_SEARCH_USER_PATHS = NO;
				CLANG_ANALYZER_NONNULL = YES;
				CLANG_ANALYZER_NUMBER_OBJECT_CONVERSION = YES_AGGRESSIVE;
				CLANG_CXX_LANGUAGE_STANDARD = "gnu++14";
				CLANG_CXX_LIBRARY = "libc++";
				CLANG_ENABLE_MODULES = YES;
				CLANG_ENABLE_OBJC_ARC = YES;
				CLANG_ENABLE_OBJC_WEAK = YES;
				CLANG_WARN_BLOCK_CAPTURE_AUTORELEASING = YES;
				CLANG_WARN_BOOL_CONVERSION = YES;
				CLANG_WARN_COMMA = YES;
				CLANG_WARN_CONSTANT_CONVERSION = YES;
				CLANG_WARN_DEPRECATED_OBJC_IMPLEMENTATIONS = YES;
				CLANG_WARN_DIRECT_OBJC_ISA_USAGE = YES_ERROR;
				CLANG_WARN_DOCUMENTATION_COMMENTS = YES;
				CLANG_WARN_EMPTY_BODY = YES;
				CLANG_WARN_ENUM_CONVERSION = YES;
				CLANG_WARN_INFINITE_RECURSION = YES;
				CLANG_WARN_INT_CONVERSION = YES;
				CLANG_WARN_NON_LITERAL_NULL_CONVERSION = YES;
				CLANG_WARN_OBJC_IMPLICIT_RETAIN_SELF = YES;
				CLANG_WARN_OBJC_LITERAL_CONVERSION = YES;
				CLANG_WARN_OBJC_ROOT_CLASS = YES_ERROR;
				CLANG_WARN_RANGE_LOOP_ANALYSIS = YES;
				CLANG_WARN_STRICT_PROTOTYPES = YES;
				CLANG_WARN_SUSPICIOUS_MOVE = YES;
				CLANG_WARN_UNGUARDED_AVAILABILITY = YES_AGGRESSIVE;
				CLANG_WARN_UNREACHABLE_CODE = YES;
				CLANG_WARN__DUPLICATE_METHOD_MATCH = YES;
				CODE_SIGN_IDENTITY = "iPhone Developer";
				COPY_PHASE_STRIP = NO;
				DEBUG_INFORMATION_FORMAT = "dwarf-with-dsym";
				ENABLE_NS_ASSERTIONS = NO;
				ENABLE_STRICT_OBJC_MSGSEND = YES;
				GCC_C_LANGUAGE_STANDARD = gnu11;
				GCC_NO_COMMON_BLOCKS = YES;
				GCC_WARN_64_TO_32_BIT_CONVERSION = YES;
				GCC_WARN_ABOUT_RETURN_TYPE = YES_ERROR;
				GCC_WARN_UNDECLARED_SELECTOR = YES;
				GCC_WARN_UNINITIALIZED_AUTOS = YES_AGGRESSIVE;
				GCC_WARN_UNUSED_FUNCTION = YES;
				GCC_WARN_UNUSED_VARIABLE = YES;
				IPHONEOS_DEPLOYMENT_TARGET = 11.4;
				MTL_ENABLE_DEBUG_INFO = NO;
				SDKROOT = iphoneos;
				SWIFT_COMPILATION_MODE = wholemodule;
				SWIFT_OPTIMIZATION_LEVEL = "-O";
				VALIDATE_PRODUCT = YES;
			};
			name = AdhocRelease;
		};
		2E197729211DD3F600311B95 /* AdhocRelease */ = {
			isa = XCBuildConfiguration;
			buildSettings = {
				ASSETCATALOG_COMPILER_APPICON_NAME = AppIcon;
				CODE_SIGN_STYLE = Automatic;
				DEVELOPMENT_TEAM = GJZR2MEM28;
				FRAMEWORK_SEARCH_PATHS = (
					"$(inherited)",
					"$(BUILT_PRODUCTS_DIR)",
					"$(PROJECT_DIR)/Carthage/Build/iOS",
				);
				GCC_OPTIMIZATION_LEVEL = fast;
				INFOPLIST_FILE = "$(SRCROOT)/Resources/Info.plist";
				LD_RUNPATH_SEARCH_PATHS = (
					"$(inherited)",
					"@executable_path/Frameworks",
				);
				PRODUCT_BUNDLE_IDENTIFIER = com.mapbox.visionsdk.demo;
				PRODUCT_NAME = "$(TARGET_NAME)";
				SWIFT_VERSION = 4.2;
				TARGETED_DEVICE_FAMILY = "1,2";
			};
			name = AdhocRelease;
		};
		B52787E220F0B46B007D1EA7 /* Debug */ = {
			isa = XCBuildConfiguration;
			buildSettings = {
				ALWAYS_SEARCH_USER_PATHS = NO;
				CLANG_ANALYZER_NONNULL = YES;
				CLANG_ANALYZER_NUMBER_OBJECT_CONVERSION = YES_AGGRESSIVE;
				CLANG_CXX_LANGUAGE_STANDARD = "gnu++14";
				CLANG_CXX_LIBRARY = "libc++";
				CLANG_ENABLE_MODULES = YES;
				CLANG_ENABLE_OBJC_ARC = YES;
				CLANG_ENABLE_OBJC_WEAK = YES;
				CLANG_WARN_BLOCK_CAPTURE_AUTORELEASING = YES;
				CLANG_WARN_BOOL_CONVERSION = YES;
				CLANG_WARN_COMMA = YES;
				CLANG_WARN_CONSTANT_CONVERSION = YES;
				CLANG_WARN_DEPRECATED_OBJC_IMPLEMENTATIONS = YES;
				CLANG_WARN_DIRECT_OBJC_ISA_USAGE = YES_ERROR;
				CLANG_WARN_DOCUMENTATION_COMMENTS = YES;
				CLANG_WARN_EMPTY_BODY = YES;
				CLANG_WARN_ENUM_CONVERSION = YES;
				CLANG_WARN_INFINITE_RECURSION = YES;
				CLANG_WARN_INT_CONVERSION = YES;
				CLANG_WARN_NON_LITERAL_NULL_CONVERSION = YES;
				CLANG_WARN_OBJC_IMPLICIT_RETAIN_SELF = YES;
				CLANG_WARN_OBJC_LITERAL_CONVERSION = YES;
				CLANG_WARN_OBJC_ROOT_CLASS = YES_ERROR;
				CLANG_WARN_RANGE_LOOP_ANALYSIS = YES;
				CLANG_WARN_STRICT_PROTOTYPES = YES;
				CLANG_WARN_SUSPICIOUS_MOVE = YES;
				CLANG_WARN_UNGUARDED_AVAILABILITY = YES_AGGRESSIVE;
				CLANG_WARN_UNREACHABLE_CODE = YES;
				CLANG_WARN__DUPLICATE_METHOD_MATCH = YES;
				CODE_SIGN_IDENTITY = "iPhone Developer";
				COPY_PHASE_STRIP = NO;
				DEBUG_INFORMATION_FORMAT = dwarf;
				ENABLE_STRICT_OBJC_MSGSEND = YES;
				ENABLE_TESTABILITY = YES;
				GCC_C_LANGUAGE_STANDARD = gnu11;
				GCC_DYNAMIC_NO_PIC = NO;
				GCC_NO_COMMON_BLOCKS = YES;
				GCC_OPTIMIZATION_LEVEL = 0;
				GCC_PREPROCESSOR_DEFINITIONS = (
					"DEBUG=1",
					"$(inherited)",
				);
				GCC_WARN_64_TO_32_BIT_CONVERSION = YES;
				GCC_WARN_ABOUT_RETURN_TYPE = YES_ERROR;
				GCC_WARN_UNDECLARED_SELECTOR = YES;
				GCC_WARN_UNINITIALIZED_AUTOS = YES_AGGRESSIVE;
				GCC_WARN_UNUSED_FUNCTION = YES;
				GCC_WARN_UNUSED_VARIABLE = YES;
				IPHONEOS_DEPLOYMENT_TARGET = 11.4;
				MTL_ENABLE_DEBUG_INFO = YES;
				ONLY_ACTIVE_ARCH = YES;
				SDKROOT = iphoneos;
				SWIFT_ACTIVE_COMPILATION_CONDITIONS = DEBUG;
				SWIFT_OPTIMIZATION_LEVEL = "-Onone";
			};
			name = Debug;
		};
		B52787E320F0B46B007D1EA7 /* Release */ = {
			isa = XCBuildConfiguration;
			buildSettings = {
				ALWAYS_SEARCH_USER_PATHS = NO;
				CLANG_ANALYZER_NONNULL = YES;
				CLANG_ANALYZER_NUMBER_OBJECT_CONVERSION = YES_AGGRESSIVE;
				CLANG_CXX_LANGUAGE_STANDARD = "gnu++14";
				CLANG_CXX_LIBRARY = "libc++";
				CLANG_ENABLE_MODULES = YES;
				CLANG_ENABLE_OBJC_ARC = YES;
				CLANG_ENABLE_OBJC_WEAK = YES;
				CLANG_WARN_BLOCK_CAPTURE_AUTORELEASING = YES;
				CLANG_WARN_BOOL_CONVERSION = YES;
				CLANG_WARN_COMMA = YES;
				CLANG_WARN_CONSTANT_CONVERSION = YES;
				CLANG_WARN_DEPRECATED_OBJC_IMPLEMENTATIONS = YES;
				CLANG_WARN_DIRECT_OBJC_ISA_USAGE = YES_ERROR;
				CLANG_WARN_DOCUMENTATION_COMMENTS = YES;
				CLANG_WARN_EMPTY_BODY = YES;
				CLANG_WARN_ENUM_CONVERSION = YES;
				CLANG_WARN_INFINITE_RECURSION = YES;
				CLANG_WARN_INT_CONVERSION = YES;
				CLANG_WARN_NON_LITERAL_NULL_CONVERSION = YES;
				CLANG_WARN_OBJC_IMPLICIT_RETAIN_SELF = YES;
				CLANG_WARN_OBJC_LITERAL_CONVERSION = YES;
				CLANG_WARN_OBJC_ROOT_CLASS = YES_ERROR;
				CLANG_WARN_RANGE_LOOP_ANALYSIS = YES;
				CLANG_WARN_STRICT_PROTOTYPES = YES;
				CLANG_WARN_SUSPICIOUS_MOVE = YES;
				CLANG_WARN_UNGUARDED_AVAILABILITY = YES_AGGRESSIVE;
				CLANG_WARN_UNREACHABLE_CODE = YES;
				CLANG_WARN__DUPLICATE_METHOD_MATCH = YES;
				CODE_SIGN_IDENTITY = "iPhone Developer";
				COPY_PHASE_STRIP = NO;
				DEBUG_INFORMATION_FORMAT = "dwarf-with-dsym";
				ENABLE_NS_ASSERTIONS = NO;
				ENABLE_STRICT_OBJC_MSGSEND = YES;
				GCC_C_LANGUAGE_STANDARD = gnu11;
				GCC_NO_COMMON_BLOCKS = YES;
				GCC_WARN_64_TO_32_BIT_CONVERSION = YES;
				GCC_WARN_ABOUT_RETURN_TYPE = YES_ERROR;
				GCC_WARN_UNDECLARED_SELECTOR = YES;
				GCC_WARN_UNINITIALIZED_AUTOS = YES_AGGRESSIVE;
				GCC_WARN_UNUSED_FUNCTION = YES;
				GCC_WARN_UNUSED_VARIABLE = YES;
				IPHONEOS_DEPLOYMENT_TARGET = 11.4;
				MTL_ENABLE_DEBUG_INFO = NO;
				SDKROOT = iphoneos;
				SWIFT_COMPILATION_MODE = wholemodule;
				SWIFT_OPTIMIZATION_LEVEL = "-O";
				VALIDATE_PRODUCT = YES;
			};
			name = Release;
		};
		B52787E520F0B46B007D1EA7 /* Debug */ = {
			isa = XCBuildConfiguration;
			buildSettings = {
				ASSETCATALOG_COMPILER_APPICON_NAME = AppIcon;
				CODE_SIGN_STYLE = Automatic;
				DEBUG_INFORMATION_FORMAT = "dwarf-with-dsym";
				DEVELOPMENT_TEAM = GJZR2MEM28;
				FRAMEWORK_SEARCH_PATHS = (
					"$(inherited)",
					"$(BUILT_PRODUCTS_DIR)",
					"$(PROJECT_DIR)/Carthage/Build/iOS",
				);
				INFOPLIST_FILE = "$(SRCROOT)/Resources/Info.plist";
				LD_RUNPATH_SEARCH_PATHS = (
					"$(inherited)",
					"@executable_path/Frameworks",
				);
				PRODUCT_BUNDLE_IDENTIFIER = com.mapbox.visionsdk.demo;
				PRODUCT_NAME = "$(TARGET_NAME)";
				SWIFT_VERSION = 4.2;
				TARGETED_DEVICE_FAMILY = "1,2";
			};
			name = Debug;
		};
		B52787E620F0B46B007D1EA7 /* Release */ = {
			isa = XCBuildConfiguration;
			buildSettings = {
				ASSETCATALOG_COMPILER_APPICON_NAME = AppIcon;
				CODE_SIGN_STYLE = Automatic;
				DEVELOPMENT_TEAM = GJZR2MEM28;
				FRAMEWORK_SEARCH_PATHS = (
					"$(inherited)",
					"$(BUILT_PRODUCTS_DIR)",
					"$(PROJECT_DIR)/Carthage/Build/iOS",
				);
				GCC_OPTIMIZATION_LEVEL = fast;
				INFOPLIST_FILE = "$(SRCROOT)/Resources/Info.plist";
				LD_RUNPATH_SEARCH_PATHS = (
					"$(inherited)",
					"@executable_path/Frameworks",
				);
				PRODUCT_BUNDLE_IDENTIFIER = com.mapbox.visionsdk.demo;
				PRODUCT_NAME = "$(TARGET_NAME)";
				SWIFT_VERSION = 4.2;
				TARGETED_DEVICE_FAMILY = "1,2";
			};
			name = Release;
		};
		B578BC9921885673003D4AA8 /* Debug */ = {
			isa = XCBuildConfiguration;
			buildSettings = {
				BUNDLE_LOADER = "$(TEST_HOST)";
				CODE_SIGN_STYLE = Automatic;
				DEVELOPMENT_TEAM = GJZR2MEM28;
				INFOPLIST_FILE = demoTests/Info.plist;
				IPHONEOS_DEPLOYMENT_TARGET = 12.0;
				LD_RUNPATH_SEARCH_PATHS = (
					"$(inherited)",
					"@executable_path/Frameworks",
					"@loader_path/Frameworks",
				);
				MTL_ENABLE_DEBUG_INFO = INCLUDE_SOURCE;
				MTL_FAST_MATH = YES;
				PRODUCT_BUNDLE_IDENTIFIER = com.mapbox.demoTests;
				PRODUCT_NAME = "$(TARGET_NAME)";
				SWIFT_VERSION = 4.2;
				TARGETED_DEVICE_FAMILY = "1,2";
				TEST_HOST = "$(BUILT_PRODUCTS_DIR)/demo.app/demo";
			};
			name = Debug;
		};
		B578BC9A21885673003D4AA8 /* Release */ = {
			isa = XCBuildConfiguration;
			buildSettings = {
				BUNDLE_LOADER = "$(TEST_HOST)";
				CODE_SIGN_STYLE = Automatic;
				DEVELOPMENT_TEAM = GJZR2MEM28;
				INFOPLIST_FILE = demoTests/Info.plist;
				IPHONEOS_DEPLOYMENT_TARGET = 12.0;
				LD_RUNPATH_SEARCH_PATHS = (
					"$(inherited)",
					"@executable_path/Frameworks",
					"@loader_path/Frameworks",
				);
				MTL_FAST_MATH = YES;
				PRODUCT_BUNDLE_IDENTIFIER = com.mapbox.demoTests;
				PRODUCT_NAME = "$(TARGET_NAME)";
				SWIFT_VERSION = 4.2;
				TARGETED_DEVICE_FAMILY = "1,2";
				TEST_HOST = "$(BUILT_PRODUCTS_DIR)/demo.app/demo";
			};
			name = Release;
		};
		B578BC9B21885673003D4AA8 /* AdhocRelease */ = {
			isa = XCBuildConfiguration;
			buildSettings = {
				BUNDLE_LOADER = "$(TEST_HOST)";
				CODE_SIGN_STYLE = Automatic;
				DEVELOPMENT_TEAM = GJZR2MEM28;
				INFOPLIST_FILE = demoTests/Info.plist;
				IPHONEOS_DEPLOYMENT_TARGET = 12.0;
				LD_RUNPATH_SEARCH_PATHS = (
					"$(inherited)",
					"@executable_path/Frameworks",
					"@loader_path/Frameworks",
				);
				MTL_FAST_MATH = YES;
				PRODUCT_BUNDLE_IDENTIFIER = com.mapbox.demoTests;
				PRODUCT_NAME = "$(TARGET_NAME)";
				SWIFT_VERSION = 4.2;
				TARGETED_DEVICE_FAMILY = "1,2";
				TEST_HOST = "$(BUILT_PRODUCTS_DIR)/demo.app/demo";
			};
			name = AdhocRelease;
		};
/* End XCBuildConfiguration section */

/* Begin XCConfigurationList section */
		B52787CD20F0B46A007D1EA7 /* Build configuration list for PBXProject "demo" */ = {
			isa = XCConfigurationList;
			buildConfigurations = (
				B52787E220F0B46B007D1EA7 /* Debug */,
				B52787E320F0B46B007D1EA7 /* Release */,
				2E197728211DD3F600311B95 /* AdhocRelease */,
			);
			defaultConfigurationIsVisible = 0;
			defaultConfigurationName = Release;
		};
		B52787E420F0B46B007D1EA7 /* Build configuration list for PBXNativeTarget "demo" */ = {
			isa = XCConfigurationList;
			buildConfigurations = (
				B52787E520F0B46B007D1EA7 /* Debug */,
				B52787E620F0B46B007D1EA7 /* Release */,
				2E197729211DD3F600311B95 /* AdhocRelease */,
			);
			defaultConfigurationIsVisible = 0;
			defaultConfigurationName = Release;
		};
		B578BC9C21885673003D4AA8 /* Build configuration list for PBXNativeTarget "demoTests" */ = {
			isa = XCConfigurationList;
			buildConfigurations = (
				B578BC9921885673003D4AA8 /* Debug */,
				B578BC9A21885673003D4AA8 /* Release */,
				B578BC9B21885673003D4AA8 /* AdhocRelease */,
			);
			defaultConfigurationIsVisible = 0;
			defaultConfigurationName = Release;
		};
/* End XCConfigurationList section */
	};
	rootObject = B52787CA20F0B46A007D1EA7 /* Project object */;
}
